<?xml version="1.0" encoding="utf-8"?>
<Project ToolsVersion="4.0" xmlns="http://schemas.microsoft.com/developer/msbuild/2003">
  <ItemGroup>
    <Filter Include="Source Files">
      <UniqueIdentifier>{4FC737F1-C7A5-4376-A066-2A32D752A2FF}</UniqueIdentifier>
      <Extensions>cpp;c;cc;cxx;c++;def;odl;idl;hpj;bat;asm;asmx</Extensions>
    </Filter>
    <Filter Include="Header Files">
      <UniqueIdentifier>{93995380-89BD-4b04-88EB-625FBE52EBFB}</UniqueIdentifier>
      <Extensions>h;hh;hpp;hxx;h++;hm;inl;inc;ipp;xsd</Extensions>
    </Filter>
    <Filter Include="Resource Files">
      <UniqueIdentifier>{67DA6AB6-F800-4c08-8B7A-83BB121AAD01}</UniqueIdentifier>
      <Extensions>rc;ico;cur;bmp;dlg;rc2;rct;bin;rgs;gif;jpg;jpeg;jpe;resx;tiff;tif;png;wav;mfcribbon-ms</Extensions>
    </Filter>
    <Filter Include="Resource Files\Shaders">
      <UniqueIdentifier>{c090d111-4744-446f-a3f3-964d57000322}</UniqueIdentifier>
    </Filter>
    <Filter Include="Resource Files\Textures">
      <UniqueIdentifier>{94554a5b-9c9c-498b-bb26-fd93cc97a684}</UniqueIdentifier>
    </Filter>
    <Filter Include="Resource Files\Objects">
      <UniqueIdentifier>{a6dc31a0-aa72-48d9-ab23-c8189f9c49b1}</UniqueIdentifier>
    </Filter>
    <Filter Include="Resource Files\Objects\nanosuit">
      <UniqueIdentifier>{9d86eb14-ef66-4c52-8688-01330008092e}</UniqueIdentifier>
    </Filter>
    <Filter Include="Resource Files\Textures\skybox">
      <UniqueIdentifier>{ace144a5-8bea-44ef-9131-176698381083}</UniqueIdentifier>
    </Filter>
    <Filter Include="Resource Files\Objects\nanosuit_reflection">
      <UniqueIdentifier>{dbed88dd-9662-4209-acdb-886836cdf8d4}</UniqueIdentifier>
    </Filter>
    <Filter Include="Resource Files\Objects\rock">
      <UniqueIdentifier>{5f4f2164-1ba6-492d-b71f-23fbec0abbcc}</UniqueIdentifier>
    </Filter>
    <Filter Include="Resource Files\Objects\planet">
      <UniqueIdentifier>{9734d684-5b01-41d6-8450-527da4dbf5e5}</UniqueIdentifier>
    </Filter>
  </ItemGroup>
  <ItemGroup>
    <ClCompile Include="LearnOpenGL.cpp">
      <Filter>Source Files</Filter>
    </ClCompile>
    <ClCompile Include="Src\glad\glad.c">
      <Filter>Source Files</Filter>
    </ClCompile>
    <ClCompile Include="Shader.cpp">
      <Filter>Source Files</Filter>
    </ClCompile>
    <ClCompile Include="stb_image.cpp">
      <Filter>Source Files</Filter>
    </ClCompile>
    <ClCompile Include="Camera.cpp">
      <Filter>Source Files</Filter>
    </ClCompile>
    <ClCompile Include="Mesh.cpp">
      <Filter>Source Files</Filter>
    </ClCompile>
    <ClCompile Include="Model.cpp">
      <Filter>Source Files</Filter>
    </ClCompile>
  </ItemGroup>
  <ItemGroup>
    <ClInclude Include="Shader.h">
      <Filter>Header Files</Filter>
    </ClInclude>
    <ClInclude Include="Camera.h">
      <Filter>Header Files</Filter>
    </ClInclude>
    <ClInclude Include="Mesh.h">
      <Filter>Header Files</Filter>
    </ClInclude>
    <ClInclude Include="Model.h">
      <Filter>Header Files</Filter>
    </ClInclude>
  </ItemGroup>
  <ItemGroup>
    <None Include="Shaders\3.3.shader.vs">
      <Filter>Resource Files\Shaders</Filter>
    </None>
    <None Include="Shaders\3.3.shader.fs">
      <Filter>Resource Files\Shaders</Filter>
    </None>
    <None Include="Shaders\1.colors.fs">
      <Filter>Resource Files\Shaders</Filter>
    </None>
    <None Include="Shaders\1.colors.vs">
      <Filter>Resource Files\Shaders</Filter>
    </None>
    <None Include="Shaders\1.lamp.fs">
      <Filter>Resource Files\Shaders</Filter>
    </None>
    <None Include="Shaders\1.lamp.vs">
      <Filter>Resource Files\Shaders</Filter>
    </None>
    <None Include="Shaders\1.model_loading.fs">
      <Filter>Resource Files\Shaders</Filter>
    </None>
    <None Include="Shaders\1.model_loading.vs">
      <Filter>Resource Files\Shaders</Filter>
    </None>
    <None Include="Objects\nanosuit\nanosuit.blend">
      <Filter>Resource Files\Objects\nanosuit</Filter>
    </None>
    <None Include="Objects\nanosuit\nanosuit.mtl">
      <Filter>Resource Files\Objects\nanosuit</Filter>
    </None>
    <None Include="Shaders\1.1.depth_testing.fs">
      <Filter>Resource Files\Shaders</Filter>
    </None>
    <None Include="Shaders\1.1.depth_testing.vs">
      <Filter>Resource Files\Shaders</Filter>
    </None>
    <None Include="Shaders\2.stencil_testing.vs">
      <Filter>Resource Files\Shaders</Filter>
    </None>
    <None Include="Shaders\2.stencil_testing.fs">
      <Filter>Resource Files\Shaders</Filter>
    </None>
    <None Include="Shaders\2.stencil_single_color.fs">
      <Filter>Resource Files\Shaders</Filter>
    </None>
    <None Include="Shaders\3.1.blending.fs">
      <Filter>Resource Files\Shaders</Filter>
    </None>
    <None Include="Shaders\3.1.blending.vs">
      <Filter>Resource Files\Shaders</Filter>
    </None>
    <None Include="Shaders\5.1.framebuffers.fs">
      <Filter>Resource Files\Shaders</Filter>
    </None>
    <None Include="Shaders\5.1.framebuffers.vs">
      <Filter>Resource Files\Shaders</Filter>
    </None>
    <None Include="Shaders\5.1.framebuffers_screen.fs">
      <Filter>Resource Files\Shaders</Filter>
    </None>
    <None Include="Shaders\5.1.framebuffers_screen.vs">
      <Filter>Resource Files\Shaders</Filter>
    </None>
    <None Include="Shaders\6.1.cubemaps.fs">
      <Filter>Resource Files\Shaders</Filter>
    </None>
    <None Include="Shaders\6.1.cubemaps.vs">
      <Filter>Resource Files\Shaders</Filter>
    </None>
    <None Include="Shaders\6.1.skybox.fs">
      <Filter>Resource Files\Shaders</Filter>
    </None>
    <None Include="Shaders\6.1.skybox.vs">
      <Filter>Resource Files\Shaders</Filter>
    </None>
    <None Include="Shaders\6.2.cubemaps.fs">
      <Filter>Resource Files\Shaders</Filter>
    </None>
    <None Include="Shaders\6.2.cubemaps.vs">
      <Filter>Resource Files\Shaders</Filter>
    </None>
    <None Include="Shaders\6.3.cubemaps.fs">
      <Filter>Resource Files\Shaders</Filter>
    </None>
    <None Include="Shaders\6.3.cubemaps.vs">
      <Filter>Resource Files\Shaders</Filter>
    </None>
    <None Include="Shaders\6.4.model.fs">
      <Filter>Resource Files\Shaders</Filter>
    </None>
    <None Include="Shaders\6.4.model.vs">
      <Filter>Resource Files\Shaders</Filter>
    </None>
    <None Include="Objects\nanosuit_reflection\nanosuit.blend">
      <Filter>Resource Files\Objects\nanosuit_reflection</Filter>
    </None>
    <None Include="Objects\nanosuit_reflection\nanosuit.mtl">
      <Filter>Resource Files\Objects\nanosuit_reflection</Filter>
    </None>
    <None Include="Shaders\8.advanced_glsl.vs">
      <Filter>Resource Files\Shaders</Filter>
    </None>
    <None Include="Shaders\8.red.fs">
      <Filter>Resource Files\Shaders</Filter>
    </None>
    <None Include="Shaders\8.green.fs">
      <Filter>Resource Files\Shaders</Filter>
    </None>
    <None Include="Shaders\8.blue.fs">
      <Filter>Resource Files\Shaders</Filter>
    </None>
    <None Include="Shaders\8.yellow.fs">
      <Filter>Resource Files\Shaders</Filter>
    </None>
    <None Include="Shaders\9.1.geometry_shader.fs">
      <Filter>Resource Files\Shaders</Filter>
    </None>
    <None Include="Shaders\9.1.geometry_shader.gs">
      <Filter>Resource Files\Shaders</Filter>
    </None>
    <None Include="Shaders\9.1.geometry_shader.vs">
      <Filter>Resource Files\Shaders</Filter>
    </None>
    <None Include="Shaders\9.2.geometry_shader.fs">
      <Filter>Resource Files\Shaders</Filter>
    </None>
    <None Include="Shaders\9.2.geometry_shader.gs">
      <Filter>Resource Files\Shaders</Filter>
    </None>
    <None Include="Shaders\9.2.geometry_shader.vs">
      <Filter>Resource Files\Shaders</Filter>
    </None>
    <None Include="Shaders\9.3.default.fs">
      <Filter>Resource Files\Shaders</Filter>
    </None>
    <None Include="Shaders\9.3.default.vs">
      <Filter>Resource Files\Shaders</Filter>
    </None>
    <None Include="Shaders\9.3.normal_visualization.fs">
      <Filter>Resource Files\Shaders</Filter>
    </None>
    <None Include="Shaders\9.3.normal_visualization.gs">
      <Filter>Resource Files\Shaders</Filter>
    </None>
    <None Include="Shaders\9.3.normal_visualization.vs">
      <Filter>Resource Files\Shaders</Filter>
    </None>
    <None Include="Shaders\10.1.instancing.fs">
      <Filter>Resource Files\Shaders</Filter>
    </None>
    <None Include="Shaders\10.1.instancing.vs">
      <Filter>Resource Files\Shaders</Filter>
    </None>
    <None Include="Shaders\10.2.instancing.fs">
      <Filter>Resource Files\Shaders</Filter>
    </None>
    <None Include="Shaders\10.2.instancing.vs">
      <Filter>Resource Files\Shaders</Filter>
    </None>
    <None Include="Objects\rock\rock.mtl">
      <Filter>Resource Files\Objects\rock</Filter>
    </None>
    <None Include="Objects\planet\planet.mtl">
      <Filter>Resource Files\Objects\planet</Filter>
    </None>
    <None Include="Shaders\10.3.asteroids.fs">
      <Filter>Resource Files\Shaders</Filter>
    </None>
    <None Include="Shaders\10.3.asteroids.vs">
      <Filter>Resource Files\Shaders</Filter>
    </None>
    <None Include="Shaders\10.3.planet.fs">
      <Filter>Resource Files\Shaders</Filter>
    </None>
    <None Include="Shaders\10.3.planet.vs">
      <Filter>Resource Files\Shaders</Filter>
    </None>
    <None Include="Shaders\advanced.fs">
      <Filter>Resource Files\Shaders</Filter>
    </None>
    <None Include="Shaders\advanced.vs">
      <Filter>Resource Files\Shaders</Filter>
    </None>
    <None Include="Shaders\11.aa_post.fs">
      <Filter>Resource Files\Shaders</Filter>
    </None>
    <None Include="Shaders\11.aa_post.vs">
      <Filter>Resource Files\Shaders</Filter>
    </None>
    <None Include="Shaders\11.anti_aliasing.fs">
      <Filter>Resource Files\Shaders</Filter>
    </None>
    <None Include="Shaders\11.anti_aliasing.vs">
      <Filter>Resource Files\Shaders</Filter>
    </None>
    <None Include="Shaders\1.advanced_lighting.fs">
      <Filter>Resource Files\Shaders</Filter>
    </None>
    <None Include="Shaders\1.advanced_lighting.vs">
      <Filter>Resource Files\Shaders</Filter>
    </None>
    <None Include="Shaders\2.gamma_correction.fs">
      <Filter>Resource Files\Shaders</Filter>
    </None>
    <None Include="Shaders\2.gamma_correction.vs">
      <Filter>Resource Files\Shaders</Filter>
    </None>
    <None Include="Shaders\3.1.1.debug_quad.vs">
      <Filter>Resource Files\Shaders</Filter>
    </None>
    <None Include="Shaders\3.1.1.debug_quad_depth.fs">
      <Filter>Resource Files\Shaders</Filter>
    </None>
    <None Include="Shaders\3.1.1.shadow_mapping_depth.fs">
      <Filter>Resource Files\Shaders</Filter>
    </None>
    <None Include="Shaders\3.1.1.shadow_mapping_depth.vs">
      <Filter>Resource Files\Shaders</Filter>
    </None>
    <None Include="Shaders\3.1.2.debug_quad.vs">
      <Filter>Resource Files\Shaders</Filter>
    </None>
    <None Include="Shaders\3.1.2.debug_quad_depth.fs">
      <Filter>Resource Files\Shaders</Filter>
    </None>
    <None Include="Shaders\3.1.2.shadow_mapping.fs">
      <Filter>Resource Files\Shaders</Filter>
    </None>
    <None Include="Shaders\3.1.2.shadow_mapping.vs">
      <Filter>Resource Files\Shaders</Filter>
    </None>
    <None Include="Shaders\3.1.2.shadow_mapping_depth.fs">
      <Filter>Resource Files\Shaders</Filter>
    </None>
    <None Include="Shaders\3.1.2.shadow_mapping_depth.vs">
      <Filter>Resource Files\Shaders</Filter>
    </None>
    <None Include="Shaders\3.2.1.point_shadows.fs">
      <Filter>Resource Files\Shaders</Filter>
    </None>
    <None Include="Shaders\3.2.1.point_shadows.vs">
      <Filter>Resource Files\Shaders</Filter>
    </None>
    <None Include="Shaders\3.2.1.point_shadows_depth.fs">
      <Filter>Resource Files\Shaders</Filter>
    </None>
    <None Include="Shaders\3.2.1.point_shadows_depth.gs">
      <Filter>Resource Files\Shaders</Filter>
    </None>
    <None Include="Shaders\3.2.1.point_shadows_depth.vs">
      <Filter>Resource Files\Shaders</Filter>
    </None>
    <None Include="Shaders\3.2.2.point_shadows.fs">
      <Filter>Resource Files\Shaders</Filter>
    </None>
  </ItemGroup>
  <ItemGroup>
    <Image Include="Images\wall.jpg">
      <Filter>Resource Files\Textures</Filter>
    </Image>
    <Image Include="Images\container.jpg">
      <Filter>Resource Files\Textures</Filter>
    </Image>
    <Image Include="Textures\awesomeface.png">
      <Filter>Resource Files\Textures</Filter>
    </Image>
    <Image Include="Textures\container2.png">
      <Filter>Resource Files\Textures</Filter>
    </Image>
    <Image Include="Textures\container2_specular.png">
      <Filter>Resource Files\Textures</Filter>
    </Image>
    <Image Include="Textures\lighting_maps_specular_color.png">
      <Filter>Resource Files\Textures</Filter>
    </Image>
    <Image Include="Objects\nanosuit\arm_dif.png">
      <Filter>Resource Files\Objects\nanosuit</Filter>
    </Image>
    <Image Include="Objects\nanosuit\arm_showroom_ddn.png">
      <Filter>Resource Files\Objects\nanosuit</Filter>
    </Image>
    <Image Include="Objects\nanosuit\arm_showroom_spec.png">
      <Filter>Resource Files\Objects\nanosuit</Filter>
    </Image>
    <Image Include="Objects\nanosuit\body_dif.png">
      <Filter>Resource Files\Objects\nanosuit</Filter>
    </Image>
    <Image Include="Objects\nanosuit\body_showroom_ddn.png">
      <Filter>Resource Files\Objects\nanosuit</Filter>
    </Image>
    <Image Include="Objects\nanosuit\body_showroom_spec.png">
      <Filter>Resource Files\Objects\nanosuit</Filter>
    </Image>
    <Image Include="Objects\nanosuit\glass_ddn.png">
      <Filter>Resource Files\Objects\nanosuit</Filter>
    </Image>
    <Image Include="Objects\nanosuit\glass_dif.png">
      <Filter>Resource Files\Objects\nanosuit</Filter>
    </Image>
    <Image Include="Objects\nanosuit\hand_dif.png">
      <Filter>Resource Files\Objects\nanosuit</Filter>
    </Image>
    <Image Include="Objects\nanosuit\hand_showroom_ddn.png">
      <Filter>Resource Files\Objects\nanosuit</Filter>
    </Image>
    <Image Include="Objects\nanosuit\hand_showroom_spec.png">
      <Filter>Resource Files\Objects\nanosuit</Filter>
    </Image>
    <Image Include="Objects\nanosuit\helmet_diff.png">
      <Filter>Resource Files\Objects\nanosuit</Filter>
    </Image>
    <Image Include="Objects\nanosuit\helmet_showroom_ddn.png">
      <Filter>Resource Files\Objects\nanosuit</Filter>
    </Image>
    <Image Include="Objects\nanosuit\helmet_showroom_spec.png">
      <Filter>Resource Files\Objects\nanosuit</Filter>
    </Image>
    <Image Include="Objects\nanosuit\leg_dif.png">
      <Filter>Resource Files\Objects\nanosuit</Filter>
    </Image>
    <Image Include="Objects\nanosuit\leg_showroom_ddn.png">
      <Filter>Resource Files\Objects\nanosuit</Filter>
    </Image>
    <Image Include="Objects\nanosuit\leg_showroom_spec.png">
      <Filter>Resource Files\Objects\nanosuit</Filter>
    </Image>
    <Image Include="Textures\marble.jpg">
      <Filter>Resource Files\Textures</Filter>
    </Image>
    <Image Include="Textures\metal.png">
      <Filter>Resource Files\Textures</Filter>
    </Image>
    <Image Include="Textures\grass.png">
      <Filter>Resource Files\Textures</Filter>
    </Image>
    <Image Include="Textures\blending_transparent_window.png">
      <Filter>Resource Files\Textures</Filter>
    </Image>
    <Image Include="Textures\skybox\back.jpg">
      <Filter>Resource Files\Textures\skybox</Filter>
    </Image>
    <Image Include="Textures\skybox\bottom.jpg">
      <Filter>Resource Files\Textures\skybox</Filter>
    </Image>
    <Image Include="Textures\skybox\front.jpg">
      <Filter>Resource Files\Textures\skybox</Filter>
    </Image>
    <Image Include="Textures\skybox\left.jpg">
      <Filter>Resource Files\Textures\skybox</Filter>
    </Image>
    <Image Include="Textures\skybox\right.jpg">
      <Filter>Resource Files\Textures\skybox</Filter>
    </Image>
    <Image Include="Textures\skybox\top.jpg">
      <Filter>Resource Files\Textures\skybox</Filter>
    </Image>
    <Image Include="Objects\nanosuit_reflection\arm_dif.png">
      <Filter>Resource Files\Objects\nanosuit_reflection</Filter>
    </Image>
    <Image Include="Objects\nanosuit_reflection\arm_showroom_ddn.png">
      <Filter>Resource Files\Objects\nanosuit_reflection</Filter>
    </Image>
    <Image Include="Objects\nanosuit_reflection\arm_showroom_refl.png">
      <Filter>Resource Files\Objects\nanosuit_reflection</Filter>
    </Image>
    <Image Include="Objects\nanosuit_reflection\arm_showroom_spec.png">
      <Filter>Resource Files\Objects\nanosuit_reflection</Filter>
    </Image>
    <Image Include="Objects\nanosuit_reflection\body_dif.png">
      <Filter>Resource Files\Objects\nanosuit_reflection</Filter>
    </Image>
    <Image Include="Objects\nanosuit_reflection\body_showroom_ddn.png">
      <Filter>Resource Files\Objects\nanosuit_reflection</Filter>
    </Image>
    <Image Include="Objects\nanosuit_reflection\body_showroom_refl.png">
      <Filter>Resource Files\Objects\nanosuit_reflection</Filter>
    </Image>
    <Image Include="Objects\nanosuit_reflection\body_showroom_spec.png">
      <Filter>Resource Files\Objects\nanosuit_reflection</Filter>
    </Image>
    <Image Include="Objects\nanosuit_reflection\glass_ddn.png">
      <Filter>Resource Files\Objects\nanosuit_reflection</Filter>
    </Image>
    <Image Include="Objects\nanosuit_reflection\glass_dif.png">
      <Filter>Resource Files\Objects\nanosuit_reflection</Filter>
    </Image>
    <Image Include="Objects\nanosuit_reflection\glass_refl.png">
      <Filter>Resource Files\Objects\nanosuit_reflection</Filter>
    </Image>
    <Image Include="Objects\nanosuit_reflection\hand_dif.png">
      <Filter>Resource Files\Objects\nanosuit_reflection</Filter>
    </Image>
    <Image Include="Objects\nanosuit_reflection\hand_showroom_ddn.png">
      <Filter>Resource Files\Objects\nanosuit_reflection</Filter>
    </Image>
    <Image Include="Objects\nanosuit_reflection\hand_showroom_refl.png">
      <Filter>Resource Files\Objects\nanosuit_reflection</Filter>
    </Image>
    <Image Include="Objects\nanosuit_reflection\hand_showroom_spec.png">
      <Filter>Resource Files\Objects\nanosuit_reflection</Filter>
    </Image>
    <Image Include="Objects\nanosuit_reflection\helmet_diff.png">
      <Filter>Resource Files\Objects\nanosuit_reflection</Filter>
    </Image>
    <Image Include="Objects\nanosuit_reflection\helmet_showroom_ddn.png">
      <Filter>Resource Files\Objects\nanosuit_reflection</Filter>
    </Image>
    <Image Include="Objects\nanosuit_reflection\helmet_showroom_refl.png">
      <Filter>Resource Files\Objects\nanosuit_reflection</Filter>
    </Image>
    <Image Include="Objects\nanosuit_reflection\helmet_showroom_spec.png">
      <Filter>Resource Files\Objects\nanosuit_reflection</Filter>
    </Image>
    <Image Include="Objects\nanosuit_reflection\leg_dif.png">
      <Filter>Resource Files\Objects\nanosuit_reflection</Filter>
    </Image>
    <Image Include="Objects\nanosuit_reflection\leg_showroom_ddn.png">
      <Filter>Resource Files\Objects\nanosuit_reflection</Filter>
    </Image>
    <Image Include="Objects\nanosuit_reflection\leg_showroom_refl.png">
      <Filter>Resource Files\Objects\nanosuit_reflection</Filter>
    </Image>
    <Image Include="Objects\nanosuit_reflection\leg_showroom_spec.png">
      <Filter>Resource Files\Objects\nanosuit_reflection</Filter>
    </Image>
    <Image Include="Objects\rock\Rock-Texture-Surface.jpg">
      <Filter>Resource Files\Objects\rock</Filter>
    </Image>
    <Image Include="Objects\planet\planet_Quom1200.png">
      <Filter>Resource Files\Objects\planet</Filter>
    </Image>
    <Image Include="Textures\wood.png">
      <Filter>Resource Files\Textures</Filter>
    </Image>
  </ItemGroup>
  <ItemGroup>
    <Text Include="Objects\nanosuit\LICENSE.txt">
      <Filter>Resource Files\Objects\nanosuit</Filter>
    </Text>
    <Text Include="Objects\nanosuit_reflection\LICENSE.txt">
      <Filter>Resource Files\Objects\nanosuit_reflection</Filter>
    </Text>
  </ItemGroup>
</Project>